
Microsoft Visual Studio Solution File, Format Version 12.00
# Visual Studio Version 16
VisualStudioVersion = 16.0.31402.337
MinimumVisualStudioVersion = 10.0.40219.1
Project("{FAE04EC0-301F-11D3-BF4B-00C04F79EFBC}") = "DrawApp", "DrawApp.csproj", "{65025AFD-F547-4598-9268-3B9E5E8D98B3}"
EndProject
Project("{2150E333-8FDC-42A3-9474-1A3956D46DE8}") = "Solution Items", "Solution Items", "{85CBE1F6-15E9-4F3B-992D-B3AA206E2289}"
EndProject
Project("{54435603-DBB4-11D2-8724-00A0C9A8B90C}") = "SetupDrawApp", "..\SetupDrawApp\SetupDrawApp.vdproj", "{63CB4D4F-3AEC-4AD6-8E56-5B1765C5D8A3}"
EndProject
Global
	GlobalSection(SolutionConfigurationPlatforms) = preSolution
		Debug|Any CPU = Debug|Any CPU
		Release|Any CPU = Release|Any CPU
	EndGlobalSection
	GlobalSection(ProjectConfigurationPlatforms) = postSolution
		{65025AFD-F547-4598-9268-3B9E5E8D98B3}.Debug|Any CPU.ActiveCfg = Debug|Any CPU
		{65025AFD-F547-4598-9268-3B9E5E8D98B3}.Debug|Any CPU.Build.0 = Debug|Any CPU
		{65025AFD-F547-4598-9268-3B9E5E8D98B3}.Release|Any CPU.ActiveCfg = Release|Any CPU
		{65025AFD-F547-4598-9268-3B9E5E8D98B3}.Release|Any CPU.Build.0 = Release|Any CPU
		{63CB4D4F-3AEC-4AD6-8E56-5B1765C5D8A3}.Debug|Any CPU.ActiveCfg = Debug
		{63CB4D4F-3AEC-4AD6-8E56-5B1765C5D8A3}.Release|Any CPU.ActiveCfg = Release
	EndGlobalSection
	GlobalSection(SolutionProperties) = preSolution
		HideSolutionNode = FALSE
	EndGlobalSection
	GlobalSection(ExtensibilityGlobals) = postSolution
		SolutionGuid = {72FED560-0558-481B-8328-DC5CA950A692}
	EndGlobalSection
EndGlobal
